
Microsoft Visual Studio Solution File, Format Version 12.00
# Visual Studio Version 17
VisualStudioVersion = 17.7.34031.279
MinimumVisualStudioVersion = 10.0.40219.1
Project("{FAE04EC0-301F-11D3-BF4B-00C04F79EFBC}") = "ForLoopDemo", "ForLoopDemo.csproj", "{9495EC3A-791B-4BBE-9032-B4FAAC790FAC}"
EndProject
Global
	GlobalSection(SolutionConfigurationPlatforms) = preSolution
		Debug|Any CPU = Debug|Any CPU
		Release|Any CPU = Release|Any CPU
	EndGlobalSection
	GlobalSection(ProjectConfigurationPlatforms) = postSolution
		{9495EC3A-791B-4BBE-9032-B4FAAC790FAC}.Debug|Any CPU.ActiveCfg = Debug|Any CPU
		{9495EC3A-791B-4BBE-9032-B4FAAC790FAC}.Debug|Any CPU.Build.0 = Debug|Any CPU
		{9495EC3A-791B-4BBE-9032-B4FAAC790FAC}.Release|Any CPU.ActiveCfg = Release|Any CPU
		{9495EC3A-791B-4BBE-9032-B4FAAC790FAC}.Release|Any CPU.Build.0 = Release|Any CPU
	EndGlobalSection
	GlobalSection(SolutionProperties) = preSolution
		HideSolutionNode = FALSE
	EndGlobalSection
	GlobalSection(ExtensibilityGlobals) = postSolution
		SolutionGuid = {0C7C5BEE-7F2D-403D-A754-9218B5D91722}
	EndGlobalSection
EndGlobal
